
Microsoft Visual Studio Solution File, Format Version 12.00
# Visual Studio Version 17
VisualStudioVersion = 17.1.32319.34
MinimumVisualStudioVersion = 10.0.40219.1
Project("{FAE04EC0-301F-11D3-BF4B-00C04F79EFBC}") = "Screen Shoooter", "Screen Shoooter\Screen Shoooter.csproj", "{DCB970CF-7ACA-4A5C-AE7D-D0B3331247E6}"
EndProject
Global
	GlobalSection(SolutionConfigurationPlatforms) = preSolution
		Debug|Any CPU = Debug|Any CPU
		Release|Any CPU = Release|Any CPU
	EndGlobalSection
	GlobalSection(ProjectConfigurationPlatforms) = postSolution
		{DCB970CF-7ACA-4A5C-AE7D-D0B3331247E6}.Debug|Any CPU.ActiveCfg = Debug|Any CPU
		{DCB970CF-7ACA-4A5C-AE7D-D0B3331247E6}.Debug|Any CPU.Build.0 = Debug|Any CPU
		{DCB970CF-7ACA-4A5C-AE7D-D0B3331247E6}.Release|Any CPU.ActiveCfg = Release|Any CPU
		{DCB970CF-7ACA-4A5C-AE7D-D0B3331247E6}.Release|Any CPU.Build.0 = Release|Any CPU
	EndGlobalSection
	GlobalSection(SolutionProperties) = preSolution
		HideSolutionNode = FALSE
	EndGlobalSection
	GlobalSection(ExtensibilityGlobals) = postSolution
		SolutionGuid = {467CD929-B8E4-4944-88ED-A2A3EF869BB3}
	EndGlobalSection
EndGlobal
